<?xml version="1.0" encoding="utf-8"?>
<Project ToolsVersion="4.0" xmlns="http://schemas.microsoft.com/developer/msbuild/2003">
  <ItemGroup>
    <Filter Include="Source Files">
      <UniqueIdentifier>{4FC737F1-C7A5-4376-A066-2A32D752A2FF}</UniqueIdentifier>
      <Extensions>cpp;c;cc;cxx;def;odl;idl;hpj;bat;asm;asmx</Extensions>
    </Filter>
    <Filter Include="Source Files\System">
      <UniqueIdentifier>{d35d969a-99c6-4ce8-b5ec-a8cfb66aba04}</UniqueIdentifier>
    </Filter>
    <Filter Include="Source Files\Geometry">
      <UniqueIdentifier>{44e840b5-706a-4886-984a-eb6ecd131e5a}</UniqueIdentifier>
    </Filter>
    <Filter Include="Source Files\Shaders">
      <UniqueIdentifier>{fb710829-c956-4e48-9af9-eded360738c1}</UniqueIdentifier>
    </Filter>
    <Filter Include="Source Files\Shaders\Shaders">
      <UniqueIdentifier>{759486af-a3f0-450f-981d-380947b6fe88}</UniqueIdentifier>
    </Filter>
    <Filter Include="Source Files\Gameplay">
      <UniqueIdentifier>{e6e19e60-75ac-4b10-affe-d3025b59da3a}</UniqueIdentifier>
    </Filter>
  </ItemGroup>
  <ItemGroup>
    <ClCompile Include="BaseApplication.cpp">
      <Filter>Source Files\System</Filter>
    </ClCompile>
    <ClCompile Include="Camera.cpp">
      <Filter>Source Files\System</Filter>
    </ClCompile>
    <ClCompile Include="Input.cpp">
      <Filter>Source Files\System</Filter>
    </ClCompile>
    <ClCompile Include="Main.cpp">
      <Filter>Source Files\System</Filter>
    </ClCompile>
    <ClCompile Include="System.cpp">
      <Filter>Source Files\System</Filter>
    </ClCompile>
    <ClCompile Include="Timer.cpp">
      <Filter>Source Files\System</Filter>
    </ClCompile>
    <ClCompile Include="TokenStream.cpp">
      <Filter>Source Files\System</Filter>
    </ClCompile>
    <ClCompile Include="RenderTexture.cpp">
      <Filter>Source Files\System</Filter>
    </ClCompile>
    <ClCompile Include="Light.cpp">
      <Filter>Source Files\System</Filter>
    </ClCompile>
    <ClCompile Include="BaseMesh.cpp">
      <Filter>Source Files\Geometry</Filter>
    </ClCompile>
    <ClCompile Include="BreakoutApp.cpp">
      <Filter>Source Files\System</Filter>
    </ClCompile>
    <ClCompile Include="Model.cpp">
      <Filter>Source Files\Geometry</Filter>
    </ClCompile>
    <ClCompile Include="OrthoMesh.cpp">
      <Filter>Source Files\Geometry</Filter>
    </ClCompile>
    <ClCompile Include="PlaneMesh.cpp">
      <Filter>Source Files\Geometry</Filter>
    </ClCompile>
    <ClCompile Include="QuadMesh.cpp">
      <Filter>Source Files\Geometry</Filter>
    </ClCompile>
    <ClCompile Include="SphereMesh.cpp">
      <Filter>Source Files\Geometry</Filter>
    </ClCompile>
    <ClCompile Include="TriangleMesh.cpp">
      <Filter>Source Files\Geometry</Filter>
    </ClCompile>
    <ClCompile Include="PointMesh.cpp">
      <Filter>Source Files\Geometry</Filter>
    </ClCompile>
    <ClCompile Include="TessellationMesh.cpp">
      <Filter>Source Files\Geometry</Filter>
    </ClCompile>
    <ClCompile Include="D3D.cpp">
      <Filter>Source Files\System</Filter>
    </ClCompile>
    <ClCompile Include="ColourShader.cpp">
      <Filter>Source Files\Shaders</Filter>
    </ClCompile>
    <ClCompile Include="BaseShader.cpp">
      <Filter>Source Files\Shaders</Filter>
    </ClCompile>
    <ClCompile Include="GameObject.cpp">
      <Filter>Source Files\Gameplay</Filter>
    </ClCompile>
    <ClCompile Include="Brick.cpp">
      <Filter>Source Files\Gameplay</Filter>
    </ClCompile>
    <ClCompile Include="TextureShader.cpp">
      <Filter>Source Files\Shaders</Filter>
    </ClCompile>
    <ClCompile Include="Texture.cpp">
      <Filter>Source Files\Geometry</Filter>
    </ClCompile>
    <ClCompile Include="Paddle.cpp">
      <Filter>Source Files\Gameplay</Filter>
    </ClCompile>
    <ClCompile Include="Ball.cpp">
      <Filter>Source Files\Gameplay</Filter>
    </ClCompile>
    <ClCompile Include="aabb.cpp">
      <Filter>Source Files\Gameplay</Filter>
    </ClCompile>
    <ClCompile Include="File.cpp">
      <Filter>Source Files\System</Filter>
    </ClCompile>
    <ClCompile Include="Sprite.cpp">
      <Filter>Source Files\Gameplay</Filter>
    </ClCompile>
  </ItemGroup>
  <ItemGroup>
    <ClInclude Include="TriangleMesh.h">
      <Filter>Source Files\Geometry</Filter>
    </ClInclude>
    <ClInclude Include="BaseMesh.h">
      <Filter>Source Files\Geometry</Filter>
    </ClInclude>
    <ClInclude Include="Model.h">
      <Filter>Source Files\Geometry</Filter>
    </ClInclude>
    <ClInclude Include="OrthoMesh.h">
      <Filter>Source Files\Geometry</Filter>
    </ClInclude>
    <ClInclude Include="PlaneMesh.h">
      <Filter>Source Files\Geometry</Filter>
    </ClInclude>
    <ClInclude Include="PointMesh.h">
      <Filter>Source Files\Geometry</Filter>
    </ClInclude>
    <ClInclude Include="QuadMesh.h">
      <Filter>Source Files\Geometry</Filter>
    </ClInclude>
    <ClInclude Include="SphereMesh.h">
      <Filter>Source Files\Geometry</Filter>
    </ClInclude>
    <ClInclude Include="TessellationMesh.h">
      <Filter>Source Files\Geometry</Filter>
    </ClInclude>
    <ClInclude Include="BaseApplication.h">
      <Filter>Source Files\System</Filter>
    </ClInclude>
    <ClInclude Include="BreakoutApp.h">
      <Filter>Source Files\System</Filter>
    </ClInclude>
    <ClInclude Include="Camera.h">
      <Filter>Source Files\System</Filter>
    </ClInclude>
    <ClInclude Include="D3D.h">
      <Filter>Source Files\System</Filter>
    </ClInclude>
    <ClInclude Include="Input.h">
      <Filter>Source Files\System</Filter>
    </ClInclude>
    <ClInclude Include="Light.h">
      <Filter>Source Files\System</Filter>
    </ClInclude>
    <ClInclude Include="RenderTexture.h">
      <Filter>Source Files\System</Filter>
    </ClInclude>
    <ClInclude Include="System.h">
      <Filter>Source Files\System</Filter>
    </ClInclude>
    <ClInclude Include="Timer.h">
      <Filter>Source Files\System</Filter>
    </ClInclude>
    <ClInclude Include="TokenStream.h">
      <Filter>Source Files\System</Filter>
    </ClInclude>
    <ClInclude Include="ColourShader.h">
      <Filter>Source Files\Shaders</Filter>
    </ClInclude>
    <ClInclude Include="BaseShader.h">
      <Filter>Source Files\Shaders</Filter>
    </ClInclude>
    <ClInclude Include="GameObject.h">
      <Filter>Source Files\Gameplay</Filter>
    </ClInclude>
    <ClInclude Include="Brick.h">
      <Filter>Source Files\Gameplay</Filter>
    </ClInclude>
    <ClInclude Include="TextureShader.h">
      <Filter>Source Files\Shaders</Filter>
    </ClInclude>
    <ClInclude Include="Texture.h">
      <Filter>Source Files\Geometry</Filter>
    </ClInclude>
    <ClInclude Include="Paddle.h">
      <Filter>Source Files\Gameplay</Filter>
    </ClInclude>
    <ClInclude Include="Ball.h">
      <Filter>Source Files\Gameplay</Filter>
    </ClInclude>
    <ClInclude Include="aabb.h">
      <Filter>Source Files\Gameplay</Filter>
    </ClInclude>
    <ClInclude Include="File.h">
      <Filter>Source Files\System</Filter>
    </ClInclude>
    <ClInclude Include="Sprite.h">
      <Filter>Source Files\Gameplay</Filter>
    </ClInclude>
  </ItemGroup>
  <ItemGroup>
    <None Include="packages.config" />
  </ItemGroup>
  <ItemGroup>
    <FxCompile Include="..\shaders\colour_ps.hlsl">
      <Filter>Source Files\Shaders\Shaders</Filter>
    </FxCompile>
    <FxCompile Include="..\shaders\colour_vs.hlsl">
      <Filter>Source Files\Shaders\Shaders</Filter>
    </FxCompile>
    <FxCompile Include="..\shaders\texture_ps.hlsl">
      <Filter>Source Files\Shaders\Shaders</Filter>
    </FxCompile>
    <FxCompile Include="..\shaders\texture_vs.hlsl">
      <Filter>Source Files\Shaders\Shaders</Filter>
    </FxCompile>
  </ItemGroup>
</Project>